// !$*UTF8*$!
{
	archiveVersion = 1;
	classes = {
	};
	objectVersion = 56;
	objects = {

/* Begin PBXBuildFile section */
		805693502C29F5C60045EF5E /* prepifyApp.swift in Sources */ = {isa = PBXBuildFile; fileRef = 8056934F2C29F5C60045EF5E /* prepifyApp.swift */; };
		805693522C29F5C60045EF5E /* ContentView.swift in Sources */ = {isa = PBXBuildFile; fileRef = 805693512C29F5C60045EF5E /* ContentView.swift */; };
		805693542C29F5C90045EF5E /* Assets.xcassets in Resources */ = {isa = PBXBuildFile; fileRef = 805693532C29F5C90045EF5E /* Assets.xcassets */; };
		805693572C29F5C90045EF5E /* Preview Assets.xcassets in Resources */ = {isa = PBXBuildFile; fileRef = 805693562C29F5C90045EF5E /* Preview Assets.xcassets */; };
		80931B5B2C2C6EDA00D6979F /* bottomnavigation.swift in Sources */ = {isa = PBXBuildFile; fileRef = 80931B5A2C2C6EDA00D6979F /* bottomnavigation.swift */; };
		80931B672C2D077E00D6979F /* ToDoItem.swift in Sources */ = {isa = PBXBuildFile; fileRef = 80931B662C2D077E00D6979F /* ToDoItem.swift */; };
		80931B692C2D079600D6979F /* NewToDoView.swift in Sources */ = {isa = PBXBuildFile; fileRef = 80931B682C2D079600D6979F /* NewToDoView.swift */; };
		BDC1D7EF2C2A6CC8004B2434 /* Resources.swift in Sources */ = {isa = PBXBuildFile; fileRef = BDC1D7EE2C2A6CC8004B2434 /* Resources.swift */; };
		BDDD63522C2CF20100744A49 /* SAT.swift in Sources */ = {isa = PBXBuildFile; fileRef = BDDD63512C2CF20100744A49 /* SAT.swift */; };
		BDDD63542C2D054E00744A49 /* ACT.swift in Sources */ = {isa = PBXBuildFile; fileRef = BDDD63532C2D054E00744A49 /* ACT.swift */; };
		BDF3722B2C2D111D0087F796 /* IBView.swift in Sources */ = {isa = PBXBuildFile; fileRef = BDF3722A2C2D111D0087F796 /* IBView.swift */; };
		BDF3722D2C2D195F0087F796 /* APView.swift in Sources */ = {isa = PBXBuildFile; fileRef = BDF3722C2C2D195F0087F796 /* APView.swift */; };
		E3F9A2CE2C2BA2AF00D1A123 /* ResourcesView.swift in Sources */ = {isa = PBXBuildFile; fileRef = E3F9A2CD2C2BA2AF00D1A123 /* ResourcesView.swift */; };
		E3F9A2D02C2BA9E700D1A123 /* PomodoroView.swift in Sources */ = {isa = PBXBuildFile; fileRef = E3F9A2CF2C2BA9E700D1A123 /* PomodoroView.swift */; };
		E3F9A2D42C2BAA8000D1A123 /* ToDoView.swift in Sources */ = {isa = PBXBuildFile; fileRef = E3F9A2D32C2BAA8000D1A123 /* ToDoView.swift */; };
/* End PBXBuildFile section */

/* Begin PBXFileReference section */
		8056934C2C29F5C60045EF5E /* prepify.app */ = {isa = PBXFileReference; explicitFileType = wrapper.application; includeInIndex = 0; path = prepify.app; sourceTree = BUILT_PRODUCTS_DIR; };
		8056934F2C29F5C60045EF5E /* prepifyApp.swift */ = {isa = PBXFileReference; lastKnownFileType = sourcecode.swift; path = prepifyApp.swift; sourceTree = "<group>"; };
		805693512C29F5C60045EF5E /* ContentView.swift */ = {isa = PBXFileReference; lastKnownFileType = sourcecode.swift; path = ContentView.swift; sourceTree = "<group>"; };
		805693532C29F5C90045EF5E /* Assets.xcassets */ = {isa = PBXFileReference; lastKnownFileType = folder.assetcatalog; path = Assets.xcassets; sourceTree = "<group>"; };
		805693562C29F5C90045EF5E /* Preview Assets.xcassets */ = {isa = PBXFileReference; lastKnownFileType = folder.assetcatalog; path = "Preview Assets.xcassets"; sourceTree = "<group>"; };
		80931B5A2C2C6EDA00D6979F /* bottomnavigation.swift */ = {isa = PBXFileReference; lastKnownFileType = sourcecode.swift; path = bottomnavigation.swift; sourceTree = "<group>"; };
		80931B662C2D077E00D6979F /* ToDoItem.swift */ = {isa = PBXFileReference; lastKnownFileType = sourcecode.swift; path = ToDoItem.swift; sourceTree = "<group>"; };
		80931B682C2D079600D6979F /* NewToDoView.swift */ = {isa = PBXFileReference; lastKnownFileType = sourcecode.swift; path = NewToDoView.swift; sourceTree = "<group>"; };
		BDC1D7EE2C2A6CC8004B2434 /* Resources.swift */ = {isa = PBXFileReference; lastKnownFileType = sourcecode.swift; path = Resources.swift; sourceTree = "<group>"; };
		BDDD634E2C2CF06900744A49 /* Info.plist */ = {isa = PBXFileReference; lastKnownFileType = text.plist; path = Info.plist; sourceTree = "<group>"; };
		BDDD63512C2CF20100744A49 /* SAT.swift */ = {isa = PBXFileReference; lastKnownFileType = sourcecode.swift; path = SAT.swift; sourceTree = "<group>"; };
		BDDD63532C2D054E00744A49 /* ACT.swift */ = {isa = PBXFileReference; lastKnownFileType = sourcecode.swift; path = ACT.swift; sourceTree = "<group>"; };
		BDF3722A2C2D111D0087F796 /* IBView.swift */ = {isa = PBXFileReference; lastKnownFileType = sourcecode.swift; path = IBView.swift; sourceTree = "<group>"; };
		BDF3722C2C2D195F0087F796 /* APView.swift */ = {isa = PBXFileReference; lastKnownFileType = sourcecode.swift; path = APView.swift; sourceTree = "<group>"; };
		E3F9A2CD2C2BA2AF00D1A123 /* ResourcesView.swift */ = {isa = PBXFileReference; lastKnownFileType = sourcecode.swift; name = ResourcesView.swift; path = "Main Pages/ResourcesView.swift"; sourceTree = "<group>"; };
		E3F9A2CF2C2BA9E700D1A123 /* PomodoroView.swift */ = {isa = PBXFileReference; lastKnownFileType = sourcecode.swift; path = PomodoroView.swift; sourceTree = "<group>"; };
		E3F9A2D32C2BAA8000D1A123 /* ToDoView.swift */ = {isa = PBXFileReference; lastKnownFileType = sourcecode.swift; path = ToDoView.swift; sourceTree = "<group>"; };
/* End PBXFileReference section */

/* Begin PBXFrameworksBuildPhase section */
		805693492C29F5C60045EF5E /* Frameworks */ = {
			isa = PBXFrameworksBuildPhase;
			buildActionMask = 2147483647;
			files = (
			);
			runOnlyForDeploymentPostprocessing = 0;
		};
/* End PBXFrameworksBuildPhase section */

/* Begin PBXGroup section */
		805693432C29F5C60045EF5E = {
			isa = PBXGroup;
			children = (
				8056934E2C29F5C60045EF5E /* prepify */,
				8056934D2C29F5C60045EF5E /* Products */,
			);
			sourceTree = "<group>";
		};
		8056934D2C29F5C60045EF5E /* Products */ = {
			isa = PBXGroup;
			children = (
				8056934C2C29F5C60045EF5E /* prepify.app */,
			);
			name = Products;
			sourceTree = "<group>";
		};
		8056934E2C29F5C60045EF5E /* prepify */ = {
			isa = PBXGroup;
			children = (
				BDDD634E2C2CF06900744A49 /* Info.plist */,
				8056934F2C29F5C60045EF5E /* prepifyApp.swift */,
				E3F9A2CD2C2BA2AF00D1A123 /* ResourcesView.swift */,
				E3F9A2D32C2BAA8000D1A123 /* ToDoView.swift */,
				80931B662C2D077E00D6979F /* ToDoItem.swift */,
				80931B682C2D079600D6979F /* NewToDoView.swift */,
				805693512C29F5C60045EF5E /* ContentView.swift */,
				BDF3722A2C2D111D0087F796 /* IBView.swift */,
				80931B5A2C2C6EDA00D6979F /* bottomnavigation.swift */,
				E3F9A2CF2C2BA9E700D1A123 /* PomodoroView.swift */,
				BDDD63512C2CF20100744A49 /* SAT.swift */,
				BDF3722C2C2D195F0087F796 /* APView.swift */,
				BDDD63532C2D054E00744A49 /* ACT.swift */,
				BDC1D7ED2C2A6CAC004B2434 /* Main Pages */,
				805693532C29F5C90045EF5E /* Assets.xcassets */,
				805693552C29F5C90045EF5E /* Preview Content */,
			);
			path = prepify;
			sourceTree = "<group>";
		};
		805693552C29F5C90045EF5E /* Preview Content */ = {
			isa = PBXGroup;
			children = (
				805693562C29F5C90045EF5E /* Preview Assets.xcassets */,
			);
			path = "Preview Content";
			sourceTree = "<group>";
		};
		BDC1D7ED2C2A6CAC004B2434 /* Main Pages */ = {
			isa = PBXGroup;
			children = (
				BDC1D7EE2C2A6CC8004B2434 /* Resources.swift */,
			);
			path = "Main Pages";
			sourceTree = "<group>";
		};
/* End PBXGroup section */

/* Begin PBXNativeTarget section */
		8056934B2C29F5C60045EF5E /* prepify */ = {
			isa = PBXNativeTarget;
			buildConfigurationList = 8056935A2C29F5C90045EF5E /* Build configuration list for PBXNativeTarget "prepify" */;
			buildPhases = (
				805693482C29F5C60045EF5E /* Sources */,
				805693492C29F5C60045EF5E /* Frameworks */,
				8056934A2C29F5C60045EF5E /* Resources */,
			);
			buildRules = (
			);
			dependencies = (
			);
			name = prepify;
			productName = prepify;
			productReference = 8056934C2C29F5C60045EF5E /* prepify.app */;
			productType = "com.apple.product-type.application";
		};
/* End PBXNativeTarget section */

/* Begin PBXProject section */
		805693442C29F5C60045EF5E /* Project object */ = {
			isa = PBXProject;
			attributes = {
				BuildIndependentTargetsInParallel = 1;
				LastSwiftUpdateCheck = 1540;
				LastUpgradeCheck = 1540;
				TargetAttributes = {
					8056934B2C29F5C60045EF5E = {
						CreatedOnToolsVersion = 15.4;
					};
				};
			};
			buildConfigurationList = 805693472C29F5C60045EF5E /* Build configuration list for PBXProject "prepify" */;
			compatibilityVersion = "Xcode 14.0";
			developmentRegion = en;
			hasScannedForEncodings = 0;
			knownRegions = (
				en,
				Base,
			);
			mainGroup = 805693432C29F5C60045EF5E;
			productRefGroup = 8056934D2C29F5C60045EF5E /* Products */;
			projectDirPath = "";
			projectRoot = "";
			targets = (
				8056934B2C29F5C60045EF5E /* prepify */,
			);
		};
/* End PBXProject section */

/* Begin PBXResourcesBuildPhase section */
		8056934A2C29F5C60045EF5E /* Resources */ = {
			isa = PBXResourcesBuildPhase;
			buildActionMask = 2147483647;
			files = (
				805693572C29F5C90045EF5E /* Preview Assets.xcassets in Resources */,
				805693542C29F5C90045EF5E /* Assets.xcassets in Resources */,
			);
			runOnlyForDeploymentPostprocessing = 0;
		};
/* End PBXResourcesBuildPhase section */

/* Begin PBXSourcesBuildPhase section */
		805693482C29F5C60045EF5E /* Sources */ = {
			isa = PBXSourcesBuildPhase;
			buildActionMask = 2147483647;
			files = (
				80931B692C2D079600D6979F /* NewToDoView.swift in Sources */,
				BDF3722B2C2D111D0087F796 /* IBView.swift in Sources */,
				80931B5B2C2C6EDA00D6979F /* bottomnavigation.swift in Sources */,
				BDF3722D2C2D195F0087F796 /* APView.swift in Sources */,
				E3F9A2D02C2BA9E700D1A123 /* PomodoroView.swift in Sources */,
				80931B672C2D077E00D6979F /* ToDoItem.swift in Sources */,
				E3F9A2CE2C2BA2AF00D1A123 /* ResourcesView.swift in Sources */,
				BDC1D7EF2C2A6CC8004B2434 /* Resources.swift in Sources */,
				BDDD63522C2CF20100744A49 /* SAT.swift in Sources */,
				805693522C29F5C60045EF5E /* ContentView.swift in Sources */,
				E3F9A2D42C2BAA8000D1A123 /* ToDoView.swift in Sources */,
				BDDD63542C2D054E00744A49 /* ACT.swift in Sources */,
				805693502C29F5C60045EF5E /* prepifyApp.swift in Sources */,
			);
			runOnlyForDeploymentPostprocessing = 0;
		};
/* End PBXSourcesBuildPhase section */

/* Begin XCBuildConfiguration section */
		805693582C29F5C90045EF5E /* Debug */ = {
			isa = XCBuildConfiguration;
			buildSettings = {
				ALWAYS_SEARCH_USER_PATHS = NO;
				ASSETCATALOG_COMPILER_GENERATE_SWIFT_ASSET_SYMBOL_EXTENSIONS = YES;
				CLANG_ANALYZER_NONNULL = YES;
				CLANG_ANALYZER_NUMBER_OBJECT_CONVERSION = YES_AGGRESSIVE;
				CLANG_CXX_LANGUAGE_STANDARD = "gnu++20";
				CLANG_ENABLE_MODULES = YES;
				CLANG_ENABLE_OBJC_ARC = YES;
				CLANG_ENABLE_OBJC_WEAK = YES;
				CLANG_WARN_BLOCK_CAPTURE_AUTORELEASING = YES;
				CLANG_WARN_BOOL_CONVERSION = YES;
				CLANG_WARN_COMMA = YES;
				CLANG_WARN_CONSTANT_CONVERSION = YES;
				CLANG_WARN_DEPRECATED_OBJC_IMPLEMENTATIONS = YES;
				CLANG_WARN_DIRECT_OBJC_ISA_USAGE = YES_ERROR;
				CLANG_WARN_DOCUMENTATION_COMMENTS = YES;
				CLANG_WARN_EMPTY_BODY = YES;
				CLANG_WARN_ENUM_CONVERSION = YES;
				CLANG_WARN_INFINITE_RECURSION = YES;
				CLANG_WARN_INT_CONVERSION = YES;
				CLANG_WARN_NON_LITERAL_NULL_CONVERSION = YES;
				CLANG_WARN_OBJC_IMPLICIT_RETAIN_SELF = YES;
				CLANG_WARN_OBJC_LITERAL_CONVERSION = YES;
				CLANG_WARN_OBJC_ROOT_CLASS = YES_ERROR;
				CLANG_WARN_QUOTED_INCLUDE_IN_FRAMEWORK_HEADER = YES;
				CLANG_WARN_RANGE_LOOP_ANALYSIS = YES;
				CLANG_WARN_STRICT_PROTOTYPES = YES;
				CLANG_WARN_SUSPICIOUS_MOVE = YES;
				CLANG_WARN_UNGUARDED_AVAILABILITY = YES_AGGRESSIVE;
				CLANG_WARN_UNREACHABLE_CODE = YES;
				CLANG_WARN__DUPLICATE_METHOD_MATCH = YES;
				COPY_PHASE_STRIP = NO;
				DEBUG_INFORMATION_FORMAT = dwarf;
				ENABLE_STRICT_OBJC_MSGSEND = YES;
				ENABLE_TESTABILITY = YES;
				ENABLE_USER_SCRIPT_SANDBOXING = YES;
				GCC_C_LANGUAGE_STANDARD = gnu17;
				GCC_DYNAMIC_NO_PIC = NO;
				GCC_NO_COMMON_BLOCKS = YES;
				GCC_OPTIMIZATION_LEVEL = 0;
				GCC_PREPROCESSOR_DEFINITIONS = (
					"DEBUG=1",
					"$(inherited)",
				);
				GCC_WARN_64_TO_32_BIT_CONVERSION = YES;
				GCC_WARN_ABOUT_RETURN_TYPE = YES_ERROR;
				GCC_WARN_UNDECLARED_SELECTOR = YES;
				GCC_WARN_UNINITIALIZED_AUTOS = YES_AGGRESSIVE;
				GCC_WARN_UNUSED_FUNCTION = YES;
				GCC_WARN_UNUSED_VARIABLE = YES;
				IPHONEOS_DEPLOYMENT_TARGET = 17.5;
				LOCALIZATION_PREFERS_STRING_CATALOGS = YES;
				MTL_ENABLE_DEBUG_INFO = INCLUDE_SOURCE;
				MTL_FAST_MATH = YES;
				ONLY_ACTIVE_ARCH = YES;
				SDKROOT = iphoneos;
				SWIFT_ACTIVE_COMPILATION_CONDITIONS = "DEBUG $(inherited)";
				SWIFT_OPTIMIZATION_LEVEL = "-Onone";
			};
			name = Debug;
		};
		805693592C29F5C90045EF5E /* Release */ = {
			isa = XCBuildConfiguration;
			buildSettings = {
				ALWAYS_SEARCH_USER_PATHS = NO;
				ASSETCATALOG_COMPILER_GENERATE_SWIFT_ASSET_SYMBOL_EXTENSIONS = YES;
				CLANG_ANALYZER_NONNULL = YES;
				CLANG_ANALYZER_NUMBER_OBJECT_CONVERSION = YES_AGGRESSIVE;
				CLANG_CXX_LANGUAGE_STANDARD = "gnu++20";
				CLANG_ENABLE_MODULES = YES;
				CLANG_ENABLE_OBJC_ARC = YES;
				CLANG_ENABLE_OBJC_WEAK = YES;
				CLANG_WARN_BLOCK_CAPTURE_AUTORELEASING = YES;
				CLANG_WARN_BOOL_CONVERSION = YES;
				CLANG_WARN_COMMA = YES;
				CLANG_WARN_CONSTANT_CONVERSION = YES;
				CLANG_WARN_DEPRECATED_OBJC_IMPLEMENTATIONS = YES;
				CLANG_WARN_DIRECT_OBJC_ISA_USAGE = YES_ERROR;
				CLANG_WARN_DOCUMENTATION_COMMENTS = YES;
				CLANG_WARN_EMPTY_BODY = YES;
				CLANG_WARN_ENUM_CONVERSION = YES;
				CLANG_WARN_INFINITE_RECURSION = YES;
				CLANG_WARN_INT_CONVERSION = YES;
				CLANG_WARN_NON_LITERAL_NULL_CONVERSION = YES;
				CLANG_WARN_OBJC_IMPLICIT_RETAIN_SELF = YES;
				CLANG_WARN_OBJC_LITERAL_CONVERSION = YES;
				CLANG_WARN_OBJC_ROOT_CLASS = YES_ERROR;
				CLANG_WARN_QUOTED_INCLUDE_IN_FRAMEWORK_HEADER = YES;
				CLANG_WARN_RANGE_LOOP_ANALYSIS = YES;
				CLANG_WARN_STRICT_PROTOTYPES = YES;
				CLANG_WARN_SUSPICIOUS_MOVE = YES;
				CLANG_WARN_UNGUARDED_AVAILABILITY = YES_AGGRESSIVE;
				CLANG_WARN_UNREACHABLE_CODE = YES;
				CLANG_WARN__DUPLICATE_METHOD_MATCH = YES;
				COPY_PHASE_STRIP = NO;
				DEBUG_INFORMATION_FORMAT = "dwarf-with-dsym";
				ENABLE_NS_ASSERTIONS = NO;
				ENABLE_STRICT_OBJC_MSGSEND = YES;
				ENABLE_USER_SCRIPT_SANDBOXING = YES;
				GCC_C_LANGUAGE_STANDARD = gnu17;
				GCC_NO_COMMON_BLOCKS = YES;
				GCC_WARN_64_TO_32_BIT_CONVERSION = YES;
				GCC_WARN_ABOUT_RETURN_TYPE = YES_ERROR;
				GCC_WARN_UNDECLARED_SELECTOR = YES;
				GCC_WARN_UNINITIALIZED_AUTOS = YES_AGGRESSIVE;
				GCC_WARN_UNUSED_FUNCTION = YES;
				GCC_WARN_UNUSED_VARIABLE = YES;
				IPHONEOS_DEPLOYMENT_TARGET = 17.5;
				LOCALIZATION_PREFERS_STRING_CATALOGS = YES;
				MTL_ENABLE_DEBUG_INFO = NO;
				MTL_FAST_MATH = YES;
				SDKROOT = iphoneos;
				SWIFT_COMPILATION_MODE = wholemodule;
				VALIDATE_PRODUCT = YES;
			};
			name = Release;
		};
		8056935B2C29F5C90045EF5E /* Debug */ = {
			isa = XCBuildConfiguration;
			buildSettings = {
				ASSETCATALOG_COMPILER_APPICON_NAME = AppIcon;
				ASSETCATALOG_COMPILER_GLOBAL_ACCENT_COLOR_NAME = AccentColor;
				CODE_SIGN_STYLE = Automatic;
				CURRENT_PROJECT_VERSION = 1;
				DEVELOPMENT_ASSET_PATHS = "\"prepify/Preview Content\"";
				ENABLE_PREVIEWS = YES;
				GENERATE_INFOPLIST_FILE = YES;
				INFOPLIST_FILE = prepify/Info.plist;
				INFOPLIST_KEY_UIApplicationSceneManifest_Generation = YES;
				INFOPLIST_KEY_UIApplicationSupportsIndirectInputEvents = YES;
				INFOPLIST_KEY_UISupportedInterfaceOrientations_iPad = "UIInterfaceOrientationPortrait UIInterfaceOrientationPortraitUpsideDown UIInterfaceOrientationLandscapeLeft UIInterfaceOrientationLandscapeRight";
				INFOPLIST_KEY_UISupportedInterfaceOrientations_iPhone = "UIInterfaceOrientationPortrait UIInterfaceOrientationLandscapeLeft UIInterfaceOrientationLandscapeRight";
				LD_RUNPATH_SEARCH_PATHS = (
					"$(inherited)",
					"@executable_path/Frameworks",
				);
				MARKETING_VERSION = 1.0;
				PRODUCT_BUNDLE_IDENTIFIER = kwk.prepify;
				PRODUCT_NAME = "$(TARGET_NAME)";
				SWIFT_EMIT_LOC_STRINGS = YES;
				SWIFT_VERSION = 5.0;
				TARGETED_DEVICE_FAMILY = "1,2";
			};
			name = Debug;
		};
		8056935C2C29F5C90045EF5E /* Release */ = {
			isa = XCBuildConfiguration;
			buildSettings = {
				ASSETCATALOG_COMPILER_APPICON_NAME = AppIcon;
				ASSETCATALOG_COMPILER_GLOBAL_ACCENT_COLOR_NAME = AccentColor;
				CODE_SIGN_STYLE = Automatic;
				CURRENT_PROJECT_VERSION = 1;
				DEVELOPMENT_ASSET_PATHS = "\"prepify/Preview Content\"";
				ENABLE_PREVIEWS = YES;
				GENERATE_INFOPLIST_FILE = YES;
				INFOPLIST_FILE = prepify/Info.plist;
				INFOPLIST_KEY_UIApplicationSceneManifest_Generation = YES;
				INFOPLIST_KEY_UIApplicationSupportsIndirectInputEvents = YES;
				INFOPLIST_KEY_UISupportedInterfaceOrientations_iPad = "UIInterfaceOrientationPortrait UIInterfaceOrientationPortraitUpsideDown UIInterfaceOrientationLandscapeLeft UIInterfaceOrientationLandscapeRight";
				INFOPLIST_KEY_UISupportedInterfaceOrientations_iPhone = "UIInterfaceOrientationPortrait UIInterfaceOrientationLandscapeLeft UIInterfaceOrientationLandscapeRight";
				LD_RUNPATH_SEARCH_PATHS = (
					"$(inherited)",
					"@executable_path/Frameworks",
				);
				MARKETING_VERSION = 1.0;
				PRODUCT_BUNDLE_IDENTIFIER = kwk.prepify;
				PRODUCT_NAME = "$(TARGET_NAME)";
				SWIFT_EMIT_LOC_STRINGS = YES;
				SWIFT_VERSION = 5.0;
				TARGETED_DEVICE_FAMILY = "1,2";
			};
			name = Release;
		};
/* End XCBuildConfiguration section */

/* Begin XCConfigurationList section */
		805693472C29F5C60045EF5E /* Build configuration list for PBXProject "prepify" */ = {
			isa = XCConfigurationList;
			buildConfigurations = (
				805693582C29F5C90045EF5E /* Debug */,
				805693592C29F5C90045EF5E /* Release */,
			);
			defaultConfigurationIsVisible = 0;
			defaultConfigurationName = Release;
		};
		8056935A2C29F5C90045EF5E /* Build configuration list for PBXNativeTarget "prepify" */ = {
			isa = XCConfigurationList;
			buildConfigurations = (
				8056935B2C29F5C90045EF5E /* Debug */,
				8056935C2C29F5C90045EF5E /* Release */,
			);
			defaultConfigurationIsVisible = 0;
			defaultConfigurationName = Release;
		};
/* End XCConfigurationList section */
	};
	rootObject = 805693442C29F5C60045EF5E /* Project object */;
}
